
Microsoft Visual Studio Solution File, Format Version 12.00
# Visual Studio Version 16
VisualStudioVersion = 16.0.28803.202
MinimumVisualStudioVersion = 10.0.40219.1
Project("{FAE04EC0-301F-11D3-BF4B-00C04F79EFBC}") = "ODataTest", "ODataTest\ODataTest.csproj", "{453A34DD-64AA-4F92-A100-55B3936800AF}"
EndProject
Global
	GlobalSection(SolutionConfigurationPlatforms) = preSolution
		Debug|Any CPU = Debug|Any CPU
		Release|Any CPU = Release|Any CPU
	EndGlobalSection
	GlobalSection(ProjectConfigurationPlatforms) = postSolution
		{453A34DD-64AA-4F92-A100-55B3936800AF}.Debug|Any CPU.ActiveCfg = Debug|Any CPU
		{453A34DD-64AA-4F92-A100-55B3936800AF}.Debug|Any CPU.Build.0 = Debug|Any CPU
		{453A34DD-64AA-4F92-A100-55B3936800AF}.Release|Any CPU.ActiveCfg = Release|Any CPU
		{453A34DD-64AA-4F92-A100-55B3936800AF}.Release|Any CPU.Build.0 = Release|Any CPU
	EndGlobalSection
	GlobalSection(SolutionProperties) = preSolution
		HideSolutionNode = FALSE
	EndGlobalSection
	GlobalSection(ExtensibilityGlobals) = postSolution
		SolutionGuid = {54176AD1-0974-478B-B75A-76F6B4EDEABB}
	EndGlobalSection
EndGlobal
